
Microsoft Visual Studio Solution File, Format Version 12.00
# Visual Studio Version 17
VisualStudioVersion = 17.9.34714.143
MinimumVisualStudioVersion = 10.0.40219.1
Project("{FAE04EC0-301F-11D3-BF4B-00C04F79EFBC}") = "FunctionAzureHW", "FunctionAzureHW\FunctionAzureHW.csproj", "{39EFDBD6-D7A6-4D28-9248-9D0E8712B684}"
EndProject
Global
	GlobalSection(SolutionConfigurationPlatforms) = preSolution
		Debug|Any CPU = Debug|Any CPU
		Release|Any CPU = Release|Any CPU
	EndGlobalSection
	GlobalSection(ProjectConfigurationPlatforms) = postSolution
		{39EFDBD6-D7A6-4D28-9248-9D0E8712B684}.Debug|Any CPU.ActiveCfg = Debug|Any CPU
		{39EFDBD6-D7A6-4D28-9248-9D0E8712B684}.Debug|Any CPU.Build.0 = Debug|Any CPU
		{39EFDBD6-D7A6-4D28-9248-9D0E8712B684}.Release|Any CPU.ActiveCfg = Release|Any CPU
		{39EFDBD6-D7A6-4D28-9248-9D0E8712B684}.Release|Any CPU.Build.0 = Release|Any CPU
	EndGlobalSection
	GlobalSection(SolutionProperties) = preSolution
		HideSolutionNode = FALSE
	EndGlobalSection
	GlobalSection(ExtensibilityGlobals) = postSolution
		SolutionGuid = {147806D7-F763-4A32-B05C-607E56572327}
	EndGlobalSection
EndGlobal
